// !$*UTF8*$!
{
	archiveVersion = 1;
	classes = {
	};
	objectVersion = 50;
	objects = {

/* Begin PBXBuildFile section */
		7738712022DD29E0002FE1EC /* GridModel+Analyze.swift in Sources */ = {isa = PBXBuildFile; fileRef = 7738711F22DD29E0002FE1EC /* GridModel+Analyze.swift */; };
		7738712222DFC38C002FE1EC /* SplitVC.swift in Sources */ = {isa = PBXBuildFile; fileRef = 7738712122DFC38C002FE1EC /* SplitVC.swift */; };
		7738712422DFC3AC002FE1EC /* MasterVC.swift in Sources */ = {isa = PBXBuildFile; fileRef = 7738712322DFC3AC002FE1EC /* MasterVC.swift */; };
		77651FF422D2AA9C00DFE4F1 /* AppDelegate.swift in Sources */ = {isa = PBXBuildFile; fileRef = 77651FF322D2AA9C00DFE4F1 /* AppDelegate.swift */; };
		77651FF622D2AA9C00DFE4F1 /* DetailVC.swift in Sources */ = {isa = PBXBuildFile; fileRef = 77651FF522D2AA9C00DFE4F1 /* DetailVC.swift */; };
		77651FF822D2AA9F00DFE4F1 /* Assets.xcassets in Resources */ = {isa = PBXBuildFile; fileRef = 77651FF722D2AA9F00DFE4F1 /* Assets.xcassets */; };
		77651FFB22D2AA9F00DFE4F1 /* Main.storyboard in Resources */ = {isa = PBXBuildFile; fileRef = 77651FF922D2AA9F00DFE4F1 /* Main.storyboard */; };
		77D0B48A22DF337800FD9C1D /* GridModel+Interactor.swift in Sources */ = {isa = PBXBuildFile; fileRef = 77D0B48922DF337800FD9C1D /* GridModel+Interactor.swift */; };
		77D0B48C22DF3B8200FD9C1D /* AIPlayer.swift in Sources */ = {isa = PBXBuildFile; fileRef = 77D0B48B22DF3B8200FD9C1D /* AIPlayer.swift */; };
		77D79D6322DBBFC9008F585D /* Analyzer.swift in Sources */ = {isa = PBXBuildFile; fileRef = 77D79D6222DBBFC9008F585D /* Analyzer.swift */; };
		77D79D6522DD1027008F585D /* GridModel+Presenter.swift in Sources */ = {isa = PBXBuildFile; fileRef = 77D79D6422DD1027008F585D /* GridModel+Presenter.swift */; };
		77D79D6722DD10DB008F585D /* GridModel+Worker.swift in Sources */ = {isa = PBXBuildFile; fileRef = 77D79D6622DD10DB008F585D /* GridModel+Worker.swift */; };
		77D79D6A22DD1188008F585D /* CellView+Enumerate.swift in Sources */ = {isa = PBXBuildFile; fileRef = 77D79D6922DD1188008F585D /* CellView+Enumerate.swift */; };
		77D79D6C22DD11B2008F585D /* CellView+Analyze.swift in Sources */ = {isa = PBXBuildFile; fileRef = 77D79D6B22DD11B2008F585D /* CellView+Analyze.swift */; };
		77D79D6F22DD127D008F585D /* CellView+Decorator.swift in Sources */ = {isa = PBXBuildFile; fileRef = 77D79D6E22DD127D008F585D /* CellView+Decorator.swift */; };
		77ED16B522D37A5200CB1235 /* GridModel.swift in Sources */ = {isa = PBXBuildFile; fileRef = 77ED16B422D37A5200CB1235 /* GridModel.swift */; };
		77ED16B722D37C4F00CB1235 /* CellView.swift in Sources */ = {isa = PBXBuildFile; fileRef = 77ED16B622D37C4F00CB1235 /* CellView.swift */; };
/* End PBXBuildFile section */

/* Begin PBXFileReference section */
		7738711F22DD29E0002FE1EC /* GridModel+Analyze.swift */ = {isa = PBXFileReference; lastKnownFileType = sourcecode.swift; path = "GridModel+Analyze.swift"; sourceTree = "<group>"; };
		7738712122DFC38C002FE1EC /* SplitVC.swift */ = {isa = PBXFileReference; lastKnownFileType = sourcecode.swift; path = SplitVC.swift; sourceTree = "<group>"; };
		7738712322DFC3AC002FE1EC /* MasterVC.swift */ = {isa = PBXFileReference; lastKnownFileType = sourcecode.swift; path = MasterVC.swift; sourceTree = "<group>"; };
		77651FF022D2AA9C00DFE4F1 /* MacMine.app */ = {isa = PBXFileReference; explicitFileType = wrapper.application; includeInIndex = 0; path = MacMine.app; sourceTree = BUILT_PRODUCTS_DIR; };
		77651FF322D2AA9C00DFE4F1 /* AppDelegate.swift */ = {isa = PBXFileReference; lastKnownFileType = sourcecode.swift; path = AppDelegate.swift; sourceTree = "<group>"; };
		77651FF522D2AA9C00DFE4F1 /* DetailVC.swift */ = {isa = PBXFileReference; lastKnownFileType = sourcecode.swift; path = DetailVC.swift; sourceTree = "<group>"; };
		77651FF722D2AA9F00DFE4F1 /* Assets.xcassets */ = {isa = PBXFileReference; lastKnownFileType = folder.assetcatalog; path = Assets.xcassets; sourceTree = "<group>"; };
		77651FFA22D2AA9F00DFE4F1 /* Base */ = {isa = PBXFileReference; lastKnownFileType = file.storyboard; name = Base; path = Base.lproj/Main.storyboard; sourceTree = "<group>"; };
		77651FFC22D2AA9F00DFE4F1 /* Info.plist */ = {isa = PBXFileReference; lastKnownFileType = text.plist.xml; path = Info.plist; sourceTree = "<group>"; };
		77651FFD22D2AA9F00DFE4F1 /* MacMine.entitlements */ = {isa = PBXFileReference; lastKnownFileType = text.plist.entitlements; path = MacMine.entitlements; sourceTree = "<group>"; };
		77D0B48922DF337800FD9C1D /* GridModel+Interactor.swift */ = {isa = PBXFileReference; lastKnownFileType = sourcecode.swift; path = "GridModel+Interactor.swift"; sourceTree = "<group>"; };
		77D0B48B22DF3B8200FD9C1D /* AIPlayer.swift */ = {isa = PBXFileReference; lastKnownFileType = sourcecode.swift; path = AIPlayer.swift; sourceTree = "<group>"; };
		77D79D6222DBBFC9008F585D /* Analyzer.swift */ = {isa = PBXFileReference; lastKnownFileType = sourcecode.swift; name = Analyzer.swift; path = ../Analyzer.swift; sourceTree = "<group>"; };
		77D79D6422DD1027008F585D /* GridModel+Presenter.swift */ = {isa = PBXFileReference; lastKnownFileType = sourcecode.swift; path = "GridModel+Presenter.swift"; sourceTree = "<group>"; };
		77D79D6622DD10DB008F585D /* GridModel+Worker.swift */ = {isa = PBXFileReference; lastKnownFileType = sourcecode.swift; path = "GridModel+Worker.swift"; sourceTree = "<group>"; };
		77D79D6922DD1188008F585D /* CellView+Enumerate.swift */ = {isa = PBXFileReference; lastKnownFileType = sourcecode.swift; path = "CellView+Enumerate.swift"; sourceTree = "<group>"; };
		77D79D6B22DD11B2008F585D /* CellView+Analyze.swift */ = {isa = PBXFileReference; lastKnownFileType = sourcecode.swift; path = "CellView+Analyze.swift"; sourceTree = "<group>"; };
		77D79D6E22DD127D008F585D /* CellView+Decorator.swift */ = {isa = PBXFileReference; lastKnownFileType = sourcecode.swift; path = "CellView+Decorator.swift"; sourceTree = "<group>"; };
		77ED16B422D37A5200CB1235 /* GridModel.swift */ = {isa = PBXFileReference; lastKnownFileType = sourcecode.swift; path = GridModel.swift; sourceTree = "<group>"; };
		77ED16B622D37C4F00CB1235 /* CellView.swift */ = {isa = PBXFileReference; lastKnownFileType = sourcecode.swift; path = CellView.swift; sourceTree = "<group>"; };
/* End PBXFileReference section */

/* Begin PBXFrameworksBuildPhase section */
		77651FED22D2AA9C00DFE4F1 /* Frameworks */ = {
			isa = PBXFrameworksBuildPhase;
			buildActionMask = 2147483647;
			files = (
			);
			runOnlyForDeploymentPostprocessing = 0;
		};
/* End PBXFrameworksBuildPhase section */

/* Begin PBXGroup section */
		7738712522DFEF1D002FE1EC /* Interface */ = {
			isa = PBXGroup;
			children = (
				77651FF922D2AA9F00DFE4F1 /* Main.storyboard */,
				7738712122DFC38C002FE1EC /* SplitVC.swift */,
				7738712322DFC3AC002FE1EC /* MasterVC.swift */,
				77651FF522D2AA9C00DFE4F1 /* DetailVC.swift */,
			);
			path = Interface;
			sourceTree = "<group>";
		};
		7738712622DFEF3C002FE1EC /* AI */ = {
			isa = PBXGroup;
			children = (
				77D79D6222DBBFC9008F585D /* Analyzer.swift */,
				77D0B48B22DF3B8200FD9C1D /* AIPlayer.swift */,
			);
			path = AI;
			sourceTree = "<group>";
		};
		7756528F22D532950088CBD7 /* Supporting Files */ = {
			isa = PBXGroup;
			children = (
				77651FF322D2AA9C00DFE4F1 /* AppDelegate.swift */,
				77651FF722D2AA9F00DFE4F1 /* Assets.xcassets */,
				77651FFC22D2AA9F00DFE4F1 /* Info.plist */,
				77651FFD22D2AA9F00DFE4F1 /* MacMine.entitlements */,
			);
			path = "Supporting Files";
			sourceTree = "<group>";
		};
		77651FE722D2AA9C00DFE4F1 = {
			isa = PBXGroup;
			children = (
				77651FF222D2AA9C00DFE4F1 /* MacMine */,
				7756528F22D532950088CBD7 /* Supporting Files */,
				77651FF122D2AA9C00DFE4F1 /* Products */,
			);
			sourceTree = "<group>";
		};
		77651FF122D2AA9C00DFE4F1 /* Products */ = {
			isa = PBXGroup;
			children = (
				77651FF022D2AA9C00DFE4F1 /* MacMine.app */,
			);
			name = Products;
			sourceTree = "<group>";
		};
		77651FF222D2AA9C00DFE4F1 /* MacMine */ = {
			isa = PBXGroup;
			children = (
				7738712522DFEF1D002FE1EC /* Interface */,
				77D79D6822DD1150008F585D /* GridModel */,
				7738712622DFEF3C002FE1EC /* AI */,
			);
			path = MacMine;
			sourceTree = "<group>";
		};
		77D79D6822DD1150008F585D /* GridModel */ = {
			isa = PBXGroup;
			children = (
				77ED16B422D37A5200CB1235 /* GridModel.swift */,
				77D79D6422DD1027008F585D /* GridModel+Presenter.swift */,
				77D0B48922DF337800FD9C1D /* GridModel+Interactor.swift */,
				77D79D6622DD10DB008F585D /* GridModel+Worker.swift */,
				7738711F22DD29E0002FE1EC /* GridModel+Analyze.swift */,
				77D79D6D22DD1222008F585D /* CellView */,
			);
			path = GridModel;
			sourceTree = "<group>";
		};
		77D79D6D22DD1222008F585D /* CellView */ = {
			isa = PBXGroup;
			children = (
				77ED16B622D37C4F00CB1235 /* CellView.swift */,
				77D79D6E22DD127D008F585D /* CellView+Decorator.swift */,
				77D79D6922DD1188008F585D /* CellView+Enumerate.swift */,
				77D79D6B22DD11B2008F585D /* CellView+Analyze.swift */,
			);
			path = CellView;
			sourceTree = "<group>";
		};
/* End PBXGroup section */

/* Begin PBXNativeTarget section */
		77651FEF22D2AA9C00DFE4F1 /* MacMine */ = {
			isa = PBXNativeTarget;
			buildConfigurationList = 7765200022D2AA9F00DFE4F1 /* Build configuration list for PBXNativeTarget "MacMine" */;
			buildPhases = (
				77651FEC22D2AA9C00DFE4F1 /* Sources */,
				77651FED22D2AA9C00DFE4F1 /* Frameworks */,
				77651FEE22D2AA9C00DFE4F1 /* Resources */,
			);
			buildRules = (
			);
			dependencies = (
			);
			name = MacMine;
			productName = StackTest;
			productReference = 77651FF022D2AA9C00DFE4F1 /* MacMine.app */;
			productType = "com.apple.product-type.application";
		};
/* End PBXNativeTarget section */

/* Begin PBXProject section */
		77651FE822D2AA9C00DFE4F1 /* Project object */ = {
			isa = PBXProject;
			attributes = {
				LastSwiftUpdateCheck = 1020;
				LastUpgradeCheck = 1020;
				ORGANIZATIONNAME = "Виктор";
				TargetAttributes = {
					77651FEF22D2AA9C00DFE4F1 = {
						CreatedOnToolsVersion = 10.2.1;
						SystemCapabilities = {
							com.apple.Sandbox = {
								enabled = 0;
							};
						};
					};
				};
			};
			buildConfigurationList = 77651FEB22D2AA9C00DFE4F1 /* Build configuration list for PBXProject "MacMine" */;
			compatibilityVersion = "Xcode 9.3";
			developmentRegion = en;
			hasScannedForEncodings = 0;
			knownRegions = (
				en,
				Base,
			);
			mainGroup = 77651FE722D2AA9C00DFE4F1;
			productRefGroup = 77651FF122D2AA9C00DFE4F1 /* Products */;
			projectDirPath = "";
			projectRoot = "";
			targets = (
				77651FEF22D2AA9C00DFE4F1 /* MacMine */,
			);
		};
/* End PBXProject section */

/* Begin PBXResourcesBuildPhase section */
		77651FEE22D2AA9C00DFE4F1 /* Resources */ = {
			isa = PBXResourcesBuildPhase;
			buildActionMask = 2147483647;
			files = (
				77651FF822D2AA9F00DFE4F1 /* Assets.xcassets in Resources */,
				77651FFB22D2AA9F00DFE4F1 /* Main.storyboard in Resources */,
			);
			runOnlyForDeploymentPostprocessing = 0;
		};
/* End PBXResourcesBuildPhase section */

/* Begin PBXSourcesBuildPhase section */
		77651FEC22D2AA9C00DFE4F1 /* Sources */ = {
			isa = PBXSourcesBuildPhase;
			buildActionMask = 2147483647;
			files = (
				77D79D6722DD10DB008F585D /* GridModel+Worker.swift in Sources */,
				7738712222DFC38C002FE1EC /* SplitVC.swift in Sources */,
				77ED16B722D37C4F00CB1235 /* CellView.swift in Sources */,
				77D0B48A22DF337800FD9C1D /* GridModel+Interactor.swift in Sources */,
				77D0B48C22DF3B8200FD9C1D /* AIPlayer.swift in Sources */,
				77651FF622D2AA9C00DFE4F1 /* DetailVC.swift in Sources */,
				7738712422DFC3AC002FE1EC /* MasterVC.swift in Sources */,
				77D79D6322DBBFC9008F585D /* Analyzer.swift in Sources */,
				77D79D6F22DD127D008F585D /* CellView+Decorator.swift in Sources */,
				77651FF422D2AA9C00DFE4F1 /* AppDelegate.swift in Sources */,
				77D79D6C22DD11B2008F585D /* CellView+Analyze.swift in Sources */,
				77ED16B522D37A5200CB1235 /* GridModel.swift in Sources */,
				7738712022DD29E0002FE1EC /* GridModel+Analyze.swift in Sources */,
				77D79D6522DD1027008F585D /* GridModel+Presenter.swift in Sources */,
				77D79D6A22DD1188008F585D /* CellView+Enumerate.swift in Sources */,
			);
			runOnlyForDeploymentPostprocessing = 0;
		};
/* End PBXSourcesBuildPhase section */

/* Begin PBXVariantGroup section */
		77651FF922D2AA9F00DFE4F1 /* Main.storyboard */ = {
			isa = PBXVariantGroup;
			children = (
				77651FFA22D2AA9F00DFE4F1 /* Base */,
			);
			name = Main.storyboard;
			sourceTree = "<group>";
		};
/* End PBXVariantGroup section */

/* Begin XCBuildConfiguration section */
		77651FFE22D2AA9F00DFE4F1 /* Debug */ = {
			isa = XCBuildConfiguration;
			buildSettings = {
				ALWAYS_SEARCH_USER_PATHS = NO;
				CLANG_ANALYZER_NONNULL = YES;
				CLANG_ANALYZER_NUMBER_OBJECT_CONVERSION = YES_AGGRESSIVE;
				CLANG_CXX_LANGUAGE_STANDARD = "gnu++14";
				CLANG_CXX_LIBRARY = "libc++";
				CLANG_ENABLE_MODULES = YES;
				CLANG_ENABLE_OBJC_ARC = YES;
				CLANG_ENABLE_OBJC_WEAK = YES;
				CLANG_WARN_BLOCK_CAPTURE_AUTORELEASING = YES;
				CLANG_WARN_BOOL_CONVERSION = YES;
				CLANG_WARN_COMMA = YES;
				CLANG_WARN_CONSTANT_CONVERSION = YES;
				CLANG_WARN_DEPRECATED_OBJC_IMPLEMENTATIONS = YES;
				CLANG_WARN_DIRECT_OBJC_ISA_USAGE = YES_ERROR;
				CLANG_WARN_DOCUMENTATION_COMMENTS = YES;
				CLANG_WARN_EMPTY_BODY = YES;
				CLANG_WARN_ENUM_CONVERSION = YES;
				CLANG_WARN_INFINITE_RECURSION = YES;
				CLANG_WARN_INT_CONVERSION = YES;
				CLANG_WARN_NON_LITERAL_NULL_CONVERSION = YES;
				CLANG_WARN_OBJC_IMPLICIT_RETAIN_SELF = YES;
				CLANG_WARN_OBJC_LITERAL_CONVERSION = YES;
				CLANG_WARN_OBJC_ROOT_CLASS = YES_ERROR;
				CLANG_WARN_RANGE_LOOP_ANALYSIS = YES;
				CLANG_WARN_STRICT_PROTOTYPES = YES;
				CLANG_WARN_SUSPICIOUS_MOVE = YES;
				CLANG_WARN_UNGUARDED_AVAILABILITY = YES_AGGRESSIVE;
				CLANG_WARN_UNREACHABLE_CODE = YES;
				CLANG_WARN__DUPLICATE_METHOD_MATCH = YES;
				CODE_SIGN_IDENTITY = "Mac Developer";
				COPY_PHASE_STRIP = NO;
				DEBUG_INFORMATION_FORMAT = dwarf;
				ENABLE_STRICT_OBJC_MSGSEND = YES;
				ENABLE_TESTABILITY = YES;
				GCC_C_LANGUAGE_STANDARD = gnu11;
				GCC_DYNAMIC_NO_PIC = NO;
				GCC_NO_COMMON_BLOCKS = YES;
				GCC_OPTIMIZATION_LEVEL = 0;
				GCC_PREPROCESSOR_DEFINITIONS = (
					"DEBUG=1",
					"$(inherited)",
				);
				GCC_WARN_64_TO_32_BIT_CONVERSION = YES;
				GCC_WARN_ABOUT_RETURN_TYPE = YES_ERROR;
				GCC_WARN_UNDECLARED_SELECTOR = YES;
				GCC_WARN_UNINITIALIZED_AUTOS = YES_AGGRESSIVE;
				GCC_WARN_UNUSED_FUNCTION = YES;
				GCC_WARN_UNUSED_VARIABLE = YES;
				MACOSX_DEPLOYMENT_TARGET = 10.14;
				MTL_ENABLE_DEBUG_INFO = INCLUDE_SOURCE;
				MTL_FAST_MATH = YES;
				ONLY_ACTIVE_ARCH = YES;
				SDKROOT = macosx;
				SWIFT_ACTIVE_COMPILATION_CONDITIONS = DEBUG;
				SWIFT_OPTIMIZATION_LEVEL = "-Onone";
			};
			name = Debug;
		};
		77651FFF22D2AA9F00DFE4F1 /* Release */ = {
			isa = XCBuildConfiguration;
			buildSettings = {
				ALWAYS_SEARCH_USER_PATHS = NO;
				CLANG_ANALYZER_NONNULL = YES;
				CLANG_ANALYZER_NUMBER_OBJECT_CONVERSION = YES_AGGRESSIVE;
				CLANG_CXX_LANGUAGE_STANDARD = "gnu++14";
				CLANG_CXX_LIBRARY = "libc++";
				CLANG_ENABLE_MODULES = YES;
				CLANG_ENABLE_OBJC_ARC = YES;
				CLANG_ENABLE_OBJC_WEAK = YES;
				CLANG_WARN_BLOCK_CAPTURE_AUTORELEASING = YES;
				CLANG_WARN_BOOL_CONVERSION = YES;
				CLANG_WARN_COMMA = YES;
				CLANG_WARN_CONSTANT_CONVERSION = YES;
				CLANG_WARN_DEPRECATED_OBJC_IMPLEMENTATIONS = YES;
				CLANG_WARN_DIRECT_OBJC_ISA_USAGE = YES_ERROR;
				CLANG_WARN_DOCUMENTATION_COMMENTS = YES;
				CLANG_WARN_EMPTY_BODY = YES;
				CLANG_WARN_ENUM_CONVERSION = YES;
				CLANG_WARN_INFINITE_RECURSION = YES;
				CLANG_WARN_INT_CONVERSION = YES;
				CLANG_WARN_NON_LITERAL_NULL_CONVERSION = YES;
				CLANG_WARN_OBJC_IMPLICIT_RETAIN_SELF = YES;
				CLANG_WARN_OBJC_LITERAL_CONVERSION = YES;
				CLANG_WARN_OBJC_ROOT_CLASS = YES_ERROR;
				CLANG_WARN_RANGE_LOOP_ANALYSIS = YES;
				CLANG_WARN_STRICT_PROTOTYPES = YES;
				CLANG_WARN_SUSPICIOUS_MOVE = YES;
				CLANG_WARN_UNGUARDED_AVAILABILITY = YES_AGGRESSIVE;
				CLANG_WARN_UNREACHABLE_CODE = YES;
				CLANG_WARN__DUPLICATE_METHOD_MATCH = YES;
				CODE_SIGN_IDENTITY = "Mac Developer";
				COPY_PHASE_STRIP = NO;
				DEBUG_INFORMATION_FORMAT = "dwarf-with-dsym";
				ENABLE_NS_ASSERTIONS = NO;
				ENABLE_STRICT_OBJC_MSGSEND = YES;
				GCC_C_LANGUAGE_STANDARD = gnu11;
				GCC_NO_COMMON_BLOCKS = YES;
				GCC_WARN_64_TO_32_BIT_CONVERSION = YES;
				GCC_WARN_ABOUT_RETURN_TYPE = YES_ERROR;
				GCC_WARN_UNDECLARED_SELECTOR = YES;
				GCC_WARN_UNINITIALIZED_AUTOS = YES_AGGRESSIVE;
				GCC_WARN_UNUSED_FUNCTION = YES;
				GCC_WARN_UNUSED_VARIABLE = YES;
				MACOSX_DEPLOYMENT_TARGET = 10.14;
				MTL_ENABLE_DEBUG_INFO = NO;
				MTL_FAST_MATH = YES;
				SDKROOT = macosx;
				SWIFT_COMPILATION_MODE = wholemodule;
				SWIFT_OPTIMIZATION_LEVEL = "-O";
			};
			name = Release;
		};
		7765200122D2AA9F00DFE4F1 /* Debug */ = {
			isa = XCBuildConfiguration;
			buildSettings = {
				ASSETCATALOG_COMPILER_APPICON_NAME = AppIcon;
				CODE_SIGN_STYLE = Automatic;
				COMBINE_HIDPI_IMAGES = YES;
				DEVELOPMENT_TEAM = TFCP6F78C7;
				INFOPLIST_FILE = "$(SRCROOT)/Supporting Files/Info.plist";
				LD_RUNPATH_SEARCH_PATHS = (
					"$(inherited)",
					"@executable_path/../Frameworks",
				);
				PRODUCT_BUNDLE_IDENTIFIER = com.isimplelab.macMine;
				PRODUCT_NAME = "$(TARGET_NAME)";
				SWIFT_VERSION = 5.0;
			};
			name = Debug;
		};
		7765200222D2AA9F00DFE4F1 /* Release */ = {
			isa = XCBuildConfiguration;
			buildSettings = {
				ASSETCATALOG_COMPILER_APPICON_NAME = AppIcon;
				CODE_SIGN_STYLE = Automatic;
				COMBINE_HIDPI_IMAGES = YES;
				DEVELOPMENT_TEAM = TFCP6F78C7;
				INFOPLIST_FILE = "$(SRCROOT)/Supporting Files/Info.plist";
				LD_RUNPATH_SEARCH_PATHS = (
					"$(inherited)",
					"@executable_path/../Frameworks",
				);
				PRODUCT_BUNDLE_IDENTIFIER = com.isimplelab.macMine;
				PRODUCT_NAME = "$(TARGET_NAME)";
				SWIFT_VERSION = 5.0;
			};
			name = Release;
		};
/* End XCBuildConfiguration section */

/* Begin XCConfigurationList section */
		77651FEB22D2AA9C00DFE4F1 /* Build configuration list for PBXProject "MacMine" */ = {
			isa = XCConfigurationList;
			buildConfigurations = (
				77651FFE22D2AA9F00DFE4F1 /* Debug */,
				77651FFF22D2AA9F00DFE4F1 /* Release */,
			);
			defaultConfigurationIsVisible = 0;
			defaultConfigurationName = Release;
		};
		7765200022D2AA9F00DFE4F1 /* Build configuration list for PBXNativeTarget "MacMine" */ = {
			isa = XCConfigurationList;
			buildConfigurations = (
				7765200122D2AA9F00DFE4F1 /* Debug */,
				7765200222D2AA9F00DFE4F1 /* Release */,
			);
			defaultConfigurationIsVisible = 0;
			defaultConfigurationName = Release;
		};
/* End XCConfigurationList section */
	};
	rootObject = 77651FE822D2AA9C00DFE4F1 /* Project object */;
}
